
Microsoft Visual Studio Solution File, Format Version 12.00
# Visual Studio Version 16
VisualStudioVersion = 16.0.29503.13
MinimumVisualStudioVersion = 10.0.40219.1
Project("{9A19103F-16F7-4668-BE54-9A1E7A4F7556}") = "Exercise01", "Exercise01\Exercise01.csproj", "{90766358-CD88-41BB-BAA0-90865330AB2E}"
EndProject
Project("{9A19103F-16F7-4668-BE54-9A1E7A4F7556}") = "Exercise02", "Exercise02\Exercise02.csproj", "{4607DB56-F346-482A-80DB-F8750821CCF1}"
EndProject
Project("{9A19103F-16F7-4668-BE54-9A1E7A4F7556}") = "Exercise03", "Exercise03\Exercise03.csproj", "{BA0198A1-18D8-4F1D-B219-BFEA6D0898A3}"
EndProject
Project("{9A19103F-16F7-4668-BE54-9A1E7A4F7556}") = "Exercise04", "Exercise04\Exercise04.csproj", "{D452C5F6-0585-41F1-97B1-EBCFDB8932AE}"
EndProject
Project("{9A19103F-16F7-4668-BE54-9A1E7A4F7556}") = "Exercise05", "Exercise05\Exercise05.csproj", "{4D7861DE-CE6B-4F75-8B96-BCAE2672D59B}"
EndProject
Project("{9A19103F-16F7-4668-BE54-9A1E7A4F7556}") = "Exercise06", "Exercise06\Exercise06.csproj", "{E74E221F-EEC4-41FF-838D-5088FB4B9A7E}"
EndProject
Project("{9A19103F-16F7-4668-BE54-9A1E7A4F7556}") = "Exercise07", "Exercise07\Exercise07.csproj", "{B91A4FBC-E2F5-4919-A6F7-93B12560A7B3}"
EndProject
Project("{9A19103F-16F7-4668-BE54-9A1E7A4F7556}") = "Exercise08", "Exercise08\Exercise08.csproj", "{024C9903-EF29-4855-B223-3B84D4E67C91}"
EndProject
Project("{9A19103F-16F7-4668-BE54-9A1E7A4F7556}") = "Exercise10", "Exercise10\Exercise10.csproj", "{1E51B7CD-C888-49B9-9D56-28C446AD1D3B}"
EndProject
Project("{9A19103F-16F7-4668-BE54-9A1E7A4F7556}") = "Exercise11", "Exercise11\Exercise11.csproj", "{81DA66C7-4CA9-402C-AC79-5E66791DD09A}"
EndProject
Project("{9A19103F-16F7-4668-BE54-9A1E7A4F7556}") = "Exercise12", "Exercise12\Exercise12.csproj", "{F2D98764-B4EA-4AC9-A811-0350AE586E53}"
EndProject
Project("{9A19103F-16F7-4668-BE54-9A1E7A4F7556}") = "Exercise13", "Exercise13\Exercise13.csproj", "{3971E3E1-E12C-4EE7-BE73-02904C02F379}"
EndProject
Project("{9A19103F-16F7-4668-BE54-9A1E7A4F7556}") = "Exercise14", "Exercise14\Exercise14.csproj", "{4321870D-08F5-473C-B01D-884D679DDB91}"
EndProject
Project("{9A19103F-16F7-4668-BE54-9A1E7A4F7556}") = "Exercise15", "Exercise15\Exercise15.csproj", "{3387930E-6D8A-4AE8-8A4B-BC4C2D992A01}"
EndProject
Project("{9A19103F-16F7-4668-BE54-9A1E7A4F7556}") = "Exercise16", "Exercise16\Exercise16.csproj", "{B10B3738-5241-4332-9774-36E137144027}"
EndProject
Project("{9A19103F-16F7-4668-BE54-9A1E7A4F7556}") = "Exercise17", "Exercise17\Exercise17.csproj", "{8C903D11-8495-45E0-9ECB-CC070DBB1FBB}"
EndProject
Project("{9A19103F-16F7-4668-BE54-9A1E7A4F7556}") = "Exercise18", "Exercise18\Exercise18.csproj", "{77F9F1EC-6729-46B3-96B3-B5C6C5622E89}"
EndProject
Project("{9A19103F-16F7-4668-BE54-9A1E7A4F7556}") = "Exercise19", "Exercise19\Exercise19.csproj", "{20CA705A-E0EC-4E56-A770-EEB271321E0F}"
EndProject
Project("{FAE04EC0-301F-11D3-BF4B-00C04F79EFBC}") = "Exercise20", "Exercise20\Exercise20.csproj", "{4F96E84E-BA67-4EE9-84F1-9D63FD4FE733}"
EndProject
Project("{FAE04EC0-301F-11D3-BF4B-00C04F79EFBC}") = "Exercise21", "Exercise21\Exercise21.csproj", "{1BC73E3B-E90C-44E4-BFD7-F84332D8E5DB}"
EndProject
Project("{FAE04EC0-301F-11D3-BF4B-00C04F79EFBC}") = "Exercise22", "Exercise22\Exercise22.csproj", "{20E71C47-4C7C-4155-970B-E3B1A8B379A9}"
EndProject
Project("{FAE04EC0-301F-11D3-BF4B-00C04F79EFBC}") = "Exercise23", "Exercise23\Exercise23.csproj", "{0466666B-C2AB-4747-8F6A-12515F1E12E4}"
EndProject
Project("{FAE04EC0-301F-11D3-BF4B-00C04F79EFBC}") = "Exercise24", "Exercise24\Exercise24.csproj", "{6EE63CAA-4C52-4B61-939C-E1E28766E316}"
EndProject
Project("{FAE04EC0-301F-11D3-BF4B-00C04F79EFBC}") = "Exercise25", "Exercise25\Exercise25.csproj", "{BDAED6BF-C740-440F-B079-4E89B5250DDD}"
EndProject
Project("{FAE04EC0-301F-11D3-BF4B-00C04F79EFBC}") = "Exercise26", "Exercise26\Exercise26.csproj", "{8019D4B4-1A05-467B-8C3D-27BD18977FDA}"
EndProject
Project("{FAE04EC0-301F-11D3-BF4B-00C04F79EFBC}") = "Exercise27", "Exercise27\Exercise27.csproj", "{46B0E675-1A0E-4F68-9922-FC1F9691CF9C}"
EndProject
Global
	GlobalSection(SolutionConfigurationPlatforms) = preSolution
		Debug|Any CPU = Debug|Any CPU
		Release|Any CPU = Release|Any CPU
	EndGlobalSection
	GlobalSection(ProjectConfigurationPlatforms) = postSolution
		{90766358-CD88-41BB-BAA0-90865330AB2E}.Debug|Any CPU.ActiveCfg = Debug|Any CPU
		{90766358-CD88-41BB-BAA0-90865330AB2E}.Debug|Any CPU.Build.0 = Debug|Any CPU
		{90766358-CD88-41BB-BAA0-90865330AB2E}.Release|Any CPU.ActiveCfg = Release|Any CPU
		{90766358-CD88-41BB-BAA0-90865330AB2E}.Release|Any CPU.Build.0 = Release|Any CPU
		{4607DB56-F346-482A-80DB-F8750821CCF1}.Debug|Any CPU.ActiveCfg = Debug|Any CPU
		{4607DB56-F346-482A-80DB-F8750821CCF1}.Debug|Any CPU.Build.0 = Debug|Any CPU
		{4607DB56-F346-482A-80DB-F8750821CCF1}.Release|Any CPU.ActiveCfg = Release|Any CPU
		{4607DB56-F346-482A-80DB-F8750821CCF1}.Release|Any CPU.Build.0 = Release|Any CPU
		{BA0198A1-18D8-4F1D-B219-BFEA6D0898A3}.Debug|Any CPU.ActiveCfg = Debug|Any CPU
		{BA0198A1-18D8-4F1D-B219-BFEA6D0898A3}.Debug|Any CPU.Build.0 = Debug|Any CPU
		{BA0198A1-18D8-4F1D-B219-BFEA6D0898A3}.Release|Any CPU.ActiveCfg = Release|Any CPU
		{BA0198A1-18D8-4F1D-B219-BFEA6D0898A3}.Release|Any CPU.Build.0 = Release|Any CPU
		{D452C5F6-0585-41F1-97B1-EBCFDB8932AE}.Debug|Any CPU.ActiveCfg = Debug|Any CPU
		{D452C5F6-0585-41F1-97B1-EBCFDB8932AE}.Debug|Any CPU.Build.0 = Debug|Any CPU
		{D452C5F6-0585-41F1-97B1-EBCFDB8932AE}.Release|Any CPU.ActiveCfg = Release|Any CPU
		{D452C5F6-0585-41F1-97B1-EBCFDB8932AE}.Release|Any CPU.Build.0 = Release|Any CPU
		{4D7861DE-CE6B-4F75-8B96-BCAE2672D59B}.Debug|Any CPU.ActiveCfg = Debug|Any CPU
		{4D7861DE-CE6B-4F75-8B96-BCAE2672D59B}.Debug|Any CPU.Build.0 = Debug|Any CPU
		{4D7861DE-CE6B-4F75-8B96-BCAE2672D59B}.Release|Any CPU.ActiveCfg = Release|Any CPU
		{4D7861DE-CE6B-4F75-8B96-BCAE2672D59B}.Release|Any CPU.Build.0 = Release|Any CPU
		{E74E221F-EEC4-41FF-838D-5088FB4B9A7E}.Debug|Any CPU.ActiveCfg = Debug|Any CPU
		{E74E221F-EEC4-41FF-838D-5088FB4B9A7E}.Debug|Any CPU.Build.0 = Debug|Any CPU
		{E74E221F-EEC4-41FF-838D-5088FB4B9A7E}.Release|Any CPU.ActiveCfg = Release|Any CPU
		{E74E221F-EEC4-41FF-838D-5088FB4B9A7E}.Release|Any CPU.Build.0 = Release|Any CPU
		{B91A4FBC-E2F5-4919-A6F7-93B12560A7B3}.Debug|Any CPU.ActiveCfg = Debug|Any CPU
		{B91A4FBC-E2F5-4919-A6F7-93B12560A7B3}.Debug|Any CPU.Build.0 = Debug|Any CPU
		{B91A4FBC-E2F5-4919-A6F7-93B12560A7B3}.Release|Any CPU.ActiveCfg = Release|Any CPU
		{B91A4FBC-E2F5-4919-A6F7-93B12560A7B3}.Release|Any CPU.Build.0 = Release|Any CPU
		{024C9903-EF29-4855-B223-3B84D4E67C91}.Debug|Any CPU.ActiveCfg = Debug|Any CPU
		{024C9903-EF29-4855-B223-3B84D4E67C91}.Debug|Any CPU.Build.0 = Debug|Any CPU
		{024C9903-EF29-4855-B223-3B84D4E67C91}.Release|Any CPU.ActiveCfg = Release|Any CPU
		{024C9903-EF29-4855-B223-3B84D4E67C91}.Release|Any CPU.Build.0 = Release|Any CPU
		{1E51B7CD-C888-49B9-9D56-28C446AD1D3B}.Debug|Any CPU.ActiveCfg = Debug|Any CPU
		{1E51B7CD-C888-49B9-9D56-28C446AD1D3B}.Debug|Any CPU.Build.0 = Debug|Any CPU
		{1E51B7CD-C888-49B9-9D56-28C446AD1D3B}.Release|Any CPU.ActiveCfg = Release|Any CPU
		{1E51B7CD-C888-49B9-9D56-28C446AD1D3B}.Release|Any CPU.Build.0 = Release|Any CPU
		{81DA66C7-4CA9-402C-AC79-5E66791DD09A}.Debug|Any CPU.ActiveCfg = Debug|Any CPU
		{81DA66C7-4CA9-402C-AC79-5E66791DD09A}.Debug|Any CPU.Build.0 = Debug|Any CPU
		{81DA66C7-4CA9-402C-AC79-5E66791DD09A}.Release|Any CPU.ActiveCfg = Release|Any CPU
		{81DA66C7-4CA9-402C-AC79-5E66791DD09A}.Release|Any CPU.Build.0 = Release|Any CPU
		{F2D98764-B4EA-4AC9-A811-0350AE586E53}.Debug|Any CPU.ActiveCfg = Debug|Any CPU
		{F2D98764-B4EA-4AC9-A811-0350AE586E53}.Debug|Any CPU.Build.0 = Debug|Any CPU
		{F2D98764-B4EA-4AC9-A811-0350AE586E53}.Release|Any CPU.ActiveCfg = Release|Any CPU
		{F2D98764-B4EA-4AC9-A811-0350AE586E53}.Release|Any CPU.Build.0 = Release|Any CPU
		{3971E3E1-E12C-4EE7-BE73-02904C02F379}.Debug|Any CPU.ActiveCfg = Debug|Any CPU
		{3971E3E1-E12C-4EE7-BE73-02904C02F379}.Debug|Any CPU.Build.0 = Debug|Any CPU
		{3971E3E1-E12C-4EE7-BE73-02904C02F379}.Release|Any CPU.ActiveCfg = Release|Any CPU
		{3971E3E1-E12C-4EE7-BE73-02904C02F379}.Release|Any CPU.Build.0 = Release|Any CPU
		{4321870D-08F5-473C-B01D-884D679DDB91}.Debug|Any CPU.ActiveCfg = Debug|Any CPU
		{4321870D-08F5-473C-B01D-884D679DDB91}.Debug|Any CPU.Build.0 = Debug|Any CPU
		{4321870D-08F5-473C-B01D-884D679DDB91}.Release|Any CPU.ActiveCfg = Release|Any CPU
		{4321870D-08F5-473C-B01D-884D679DDB91}.Release|Any CPU.Build.0 = Release|Any CPU
		{3387930E-6D8A-4AE8-8A4B-BC4C2D992A01}.Debug|Any CPU.ActiveCfg = Debug|Any CPU
		{3387930E-6D8A-4AE8-8A4B-BC4C2D992A01}.Debug|Any CPU.Build.0 = Debug|Any CPU
		{3387930E-6D8A-4AE8-8A4B-BC4C2D992A01}.Release|Any CPU.ActiveCfg = Release|Any CPU
		{3387930E-6D8A-4AE8-8A4B-BC4C2D992A01}.Release|Any CPU.Build.0 = Release|Any CPU
		{B10B3738-5241-4332-9774-36E137144027}.Debug|Any CPU.ActiveCfg = Debug|Any CPU
		{B10B3738-5241-4332-9774-36E137144027}.Debug|Any CPU.Build.0 = Debug|Any CPU
		{B10B3738-5241-4332-9774-36E137144027}.Release|Any CPU.ActiveCfg = Release|Any CPU
		{B10B3738-5241-4332-9774-36E137144027}.Release|Any CPU.Build.0 = Release|Any CPU
		{8C903D11-8495-45E0-9ECB-CC070DBB1FBB}.Debug|Any CPU.ActiveCfg = Debug|Any CPU
		{8C903D11-8495-45E0-9ECB-CC070DBB1FBB}.Debug|Any CPU.Build.0 = Debug|Any CPU
		{8C903D11-8495-45E0-9ECB-CC070DBB1FBB}.Release|Any CPU.ActiveCfg = Release|Any CPU
		{8C903D11-8495-45E0-9ECB-CC070DBB1FBB}.Release|Any CPU.Build.0 = Release|Any CPU
		{77F9F1EC-6729-46B3-96B3-B5C6C5622E89}.Debug|Any CPU.ActiveCfg = Debug|Any CPU
		{77F9F1EC-6729-46B3-96B3-B5C6C5622E89}.Debug|Any CPU.Build.0 = Debug|Any CPU
		{77F9F1EC-6729-46B3-96B3-B5C6C5622E89}.Release|Any CPU.ActiveCfg = Release|Any CPU
		{77F9F1EC-6729-46B3-96B3-B5C6C5622E89}.Release|Any CPU.Build.0 = Release|Any CPU
		{20CA705A-E0EC-4E56-A770-EEB271321E0F}.Debug|Any CPU.ActiveCfg = Debug|Any CPU
		{20CA705A-E0EC-4E56-A770-EEB271321E0F}.Debug|Any CPU.Build.0 = Debug|Any CPU
		{20CA705A-E0EC-4E56-A770-EEB271321E0F}.Release|Any CPU.ActiveCfg = Release|Any CPU
		{20CA705A-E0EC-4E56-A770-EEB271321E0F}.Release|Any CPU.Build.0 = Release|Any CPU
		{4F96E84E-BA67-4EE9-84F1-9D63FD4FE733}.Debug|Any CPU.ActiveCfg = Debug|Any CPU
		{4F96E84E-BA67-4EE9-84F1-9D63FD4FE733}.Debug|Any CPU.Build.0 = Debug|Any CPU
		{4F96E84E-BA67-4EE9-84F1-9D63FD4FE733}.Release|Any CPU.ActiveCfg = Release|Any CPU
		{4F96E84E-BA67-4EE9-84F1-9D63FD4FE733}.Release|Any CPU.Build.0 = Release|Any CPU
		{1BC73E3B-E90C-44E4-BFD7-F84332D8E5DB}.Debug|Any CPU.ActiveCfg = Debug|Any CPU
		{1BC73E3B-E90C-44E4-BFD7-F84332D8E5DB}.Debug|Any CPU.Build.0 = Debug|Any CPU
		{1BC73E3B-E90C-44E4-BFD7-F84332D8E5DB}.Release|Any CPU.ActiveCfg = Release|Any CPU
		{1BC73E3B-E90C-44E4-BFD7-F84332D8E5DB}.Release|Any CPU.Build.0 = Release|Any CPU
		{20E71C47-4C7C-4155-970B-E3B1A8B379A9}.Debug|Any CPU.ActiveCfg = Debug|Any CPU
		{20E71C47-4C7C-4155-970B-E3B1A8B379A9}.Debug|Any CPU.Build.0 = Debug|Any CPU
		{20E71C47-4C7C-4155-970B-E3B1A8B379A9}.Release|Any CPU.ActiveCfg = Release|Any CPU
		{20E71C47-4C7C-4155-970B-E3B1A8B379A9}.Release|Any CPU.Build.0 = Release|Any CPU
		{0466666B-C2AB-4747-8F6A-12515F1E12E4}.Debug|Any CPU.ActiveCfg = Debug|Any CPU
		{0466666B-C2AB-4747-8F6A-12515F1E12E4}.Debug|Any CPU.Build.0 = Debug|Any CPU
		{0466666B-C2AB-4747-8F6A-12515F1E12E4}.Release|Any CPU.ActiveCfg = Release|Any CPU
		{0466666B-C2AB-4747-8F6A-12515F1E12E4}.Release|Any CPU.Build.0 = Release|Any CPU
		{6EE63CAA-4C52-4B61-939C-E1E28766E316}.Debug|Any CPU.ActiveCfg = Debug|Any CPU
		{6EE63CAA-4C52-4B61-939C-E1E28766E316}.Debug|Any CPU.Build.0 = Debug|Any CPU
		{6EE63CAA-4C52-4B61-939C-E1E28766E316}.Release|Any CPU.ActiveCfg = Release|Any CPU
		{6EE63CAA-4C52-4B61-939C-E1E28766E316}.Release|Any CPU.Build.0 = Release|Any CPU
		{BDAED6BF-C740-440F-B079-4E89B5250DDD}.Debug|Any CPU.ActiveCfg = Debug|Any CPU
		{BDAED6BF-C740-440F-B079-4E89B5250DDD}.Debug|Any CPU.Build.0 = Debug|Any CPU
		{BDAED6BF-C740-440F-B079-4E89B5250DDD}.Release|Any CPU.ActiveCfg = Release|Any CPU
		{BDAED6BF-C740-440F-B079-4E89B5250DDD}.Release|Any CPU.Build.0 = Release|Any CPU
		{8019D4B4-1A05-467B-8C3D-27BD18977FDA}.Debug|Any CPU.ActiveCfg = Debug|Any CPU
		{8019D4B4-1A05-467B-8C3D-27BD18977FDA}.Debug|Any CPU.Build.0 = Debug|Any CPU
		{8019D4B4-1A05-467B-8C3D-27BD18977FDA}.Release|Any CPU.ActiveCfg = Release|Any CPU
		{8019D4B4-1A05-467B-8C3D-27BD18977FDA}.Release|Any CPU.Build.0 = Release|Any CPU
		{46B0E675-1A0E-4F68-9922-FC1F9691CF9C}.Debug|Any CPU.ActiveCfg = Debug|Any CPU
		{46B0E675-1A0E-4F68-9922-FC1F9691CF9C}.Debug|Any CPU.Build.0 = Debug|Any CPU
		{46B0E675-1A0E-4F68-9922-FC1F9691CF9C}.Release|Any CPU.ActiveCfg = Release|Any CPU
		{46B0E675-1A0E-4F68-9922-FC1F9691CF9C}.Release|Any CPU.Build.0 = Release|Any CPU
	EndGlobalSection
	GlobalSection(SolutionProperties) = preSolution
		HideSolutionNode = FALSE
	EndGlobalSection
	GlobalSection(ExtensibilityGlobals) = postSolution
		SolutionGuid = {296CE7DF-77FF-4568-91F0-02B2E5F03811}
	EndGlobalSection
EndGlobal
