
Microsoft Visual Studio Solution File, Format Version 12.00
# Visual Studio Version 16
VisualStudioVersion = 16.0.29503.13
MinimumVisualStudioVersion = 10.0.40219.1
Project("{FAE04EC0-301F-11D3-BF4B-00C04F79EFBC}") = "Exercise01", "Exercise01\Exercise01.csproj", "{90766358-CD88-41BB-BAA0-90865330AB2E}"
EndProject
Project("{FAE04EC0-301F-11D3-BF4B-00C04F79EFBC}") = "Exercise02", "Exercise02\Exercise02.csproj", "{4607DB56-F346-482A-80DB-F8750821CCF1}"
EndProject
Project("{FAE04EC0-301F-11D3-BF4B-00C04F79EFBC}") = "Exercise03", "Exercise03\Exercise03.csproj", "{BA0198A1-18D8-4F1D-B219-BFEA6D0898A3}"
EndProject
Project("{FAE04EC0-301F-11D3-BF4B-00C04F79EFBC}") = "Exercise04", "Exercise04\Exercise04.csproj", "{D452C5F6-0585-41F1-97B1-EBCFDB8932AE}"
EndProject
Project("{FAE04EC0-301F-11D3-BF4B-00C04F79EFBC}") = "Exercise05", "Exercise05\Exercise05.csproj", "{4D7861DE-CE6B-4F75-8B96-BCAE2672D59B}"
EndProject
Project("{FAE04EC0-301F-11D3-BF4B-00C04F79EFBC}") = "Exercise06", "Exercise06\Exercise06.csproj", "{E74E221F-EEC4-41FF-838D-5088FB4B9A7E}"
EndProject
Project("{FAE04EC0-301F-11D3-BF4B-00C04F79EFBC}") = "Exercise07", "Exercise07\Exercise07.csproj", "{B91A4FBC-E2F5-4919-A6F7-93B12560A7B3}"
EndProject
Project("{FAE04EC0-301F-11D3-BF4B-00C04F79EFBC}") = "Exercise08", "Exercise08\Exercise08.csproj", "{024C9903-EF29-4855-B223-3B84D4E67C91}"
EndProject
Project("{FAE04EC0-301F-11D3-BF4B-00C04F79EFBC}") = "Exercise10", "Exercise10\Exercise10.csproj", "{1E51B7CD-C888-49B9-9D56-28C446AD1D3B}"
EndProject
Project("{FAE04EC0-301F-11D3-BF4B-00C04F79EFBC}") = "Exercise11", "Exercise11\Exercise11.csproj", "{81DA66C7-4CA9-402C-AC79-5E66791DD09A}"
EndProject
Global
	GlobalSection(SolutionConfigurationPlatforms) = preSolution
		Debug|Any CPU = Debug|Any CPU
		Release|Any CPU = Release|Any CPU
	EndGlobalSection
	GlobalSection(ProjectConfigurationPlatforms) = postSolution
		{90766358-CD88-41BB-BAA0-90865330AB2E}.Debug|Any CPU.ActiveCfg = Debug|Any CPU
		{90766358-CD88-41BB-BAA0-90865330AB2E}.Debug|Any CPU.Build.0 = Debug|Any CPU
		{90766358-CD88-41BB-BAA0-90865330AB2E}.Release|Any CPU.ActiveCfg = Release|Any CPU
		{90766358-CD88-41BB-BAA0-90865330AB2E}.Release|Any CPU.Build.0 = Release|Any CPU
		{4607DB56-F346-482A-80DB-F8750821CCF1}.Debug|Any CPU.ActiveCfg = Debug|Any CPU
		{4607DB56-F346-482A-80DB-F8750821CCF1}.Debug|Any CPU.Build.0 = Debug|Any CPU
		{4607DB56-F346-482A-80DB-F8750821CCF1}.Release|Any CPU.ActiveCfg = Release|Any CPU
		{4607DB56-F346-482A-80DB-F8750821CCF1}.Release|Any CPU.Build.0 = Release|Any CPU
		{BA0198A1-18D8-4F1D-B219-BFEA6D0898A3}.Debug|Any CPU.ActiveCfg = Debug|Any CPU
		{BA0198A1-18D8-4F1D-B219-BFEA6D0898A3}.Debug|Any CPU.Build.0 = Debug|Any CPU
		{BA0198A1-18D8-4F1D-B219-BFEA6D0898A3}.Release|Any CPU.ActiveCfg = Release|Any CPU
		{BA0198A1-18D8-4F1D-B219-BFEA6D0898A3}.Release|Any CPU.Build.0 = Release|Any CPU
		{D452C5F6-0585-41F1-97B1-EBCFDB8932AE}.Debug|Any CPU.ActiveCfg = Debug|Any CPU
		{D452C5F6-0585-41F1-97B1-EBCFDB8932AE}.Debug|Any CPU.Build.0 = Debug|Any CPU
		{D452C5F6-0585-41F1-97B1-EBCFDB8932AE}.Release|Any CPU.ActiveCfg = Release|Any CPU
		{D452C5F6-0585-41F1-97B1-EBCFDB8932AE}.Release|Any CPU.Build.0 = Release|Any CPU
		{4D7861DE-CE6B-4F75-8B96-BCAE2672D59B}.Debug|Any CPU.ActiveCfg = Debug|Any CPU
		{4D7861DE-CE6B-4F75-8B96-BCAE2672D59B}.Debug|Any CPU.Build.0 = Debug|Any CPU
		{4D7861DE-CE6B-4F75-8B96-BCAE2672D59B}.Release|Any CPU.ActiveCfg = Release|Any CPU
		{4D7861DE-CE6B-4F75-8B96-BCAE2672D59B}.Release|Any CPU.Build.0 = Release|Any CPU
		{E74E221F-EEC4-41FF-838D-5088FB4B9A7E}.Debug|Any CPU.ActiveCfg = Debug|Any CPU
		{E74E221F-EEC4-41FF-838D-5088FB4B9A7E}.Debug|Any CPU.Build.0 = Debug|Any CPU
		{E74E221F-EEC4-41FF-838D-5088FB4B9A7E}.Release|Any CPU.ActiveCfg = Release|Any CPU
		{E74E221F-EEC4-41FF-838D-5088FB4B9A7E}.Release|Any CPU.Build.0 = Release|Any CPU
		{B91A4FBC-E2F5-4919-A6F7-93B12560A7B3}.Debug|Any CPU.ActiveCfg = Debug|Any CPU
		{B91A4FBC-E2F5-4919-A6F7-93B12560A7B3}.Debug|Any CPU.Build.0 = Debug|Any CPU
		{B91A4FBC-E2F5-4919-A6F7-93B12560A7B3}.Release|Any CPU.ActiveCfg = Release|Any CPU
		{B91A4FBC-E2F5-4919-A6F7-93B12560A7B3}.Release|Any CPU.Build.0 = Release|Any CPU
		{024C9903-EF29-4855-B223-3B84D4E67C91}.Debug|Any CPU.ActiveCfg = Debug|Any CPU
		{024C9903-EF29-4855-B223-3B84D4E67C91}.Debug|Any CPU.Build.0 = Debug|Any CPU
		{024C9903-EF29-4855-B223-3B84D4E67C91}.Release|Any CPU.ActiveCfg = Release|Any CPU
		{024C9903-EF29-4855-B223-3B84D4E67C91}.Release|Any CPU.Build.0 = Release|Any CPU
		{1E51B7CD-C888-49B9-9D56-28C446AD1D3B}.Debug|Any CPU.ActiveCfg = Debug|Any CPU
		{1E51B7CD-C888-49B9-9D56-28C446AD1D3B}.Debug|Any CPU.Build.0 = Debug|Any CPU
		{1E51B7CD-C888-49B9-9D56-28C446AD1D3B}.Release|Any CPU.ActiveCfg = Release|Any CPU
		{1E51B7CD-C888-49B9-9D56-28C446AD1D3B}.Release|Any CPU.Build.0 = Release|Any CPU
		{81DA66C7-4CA9-402C-AC79-5E66791DD09A}.Debug|Any CPU.ActiveCfg = Debug|Any CPU
		{81DA66C7-4CA9-402C-AC79-5E66791DD09A}.Debug|Any CPU.Build.0 = Debug|Any CPU
		{81DA66C7-4CA9-402C-AC79-5E66791DD09A}.Release|Any CPU.ActiveCfg = Release|Any CPU
		{81DA66C7-4CA9-402C-AC79-5E66791DD09A}.Release|Any CPU.Build.0 = Release|Any CPU
	EndGlobalSection
	GlobalSection(SolutionProperties) = preSolution
		HideSolutionNode = FALSE
	EndGlobalSection
	GlobalSection(ExtensibilityGlobals) = postSolution
		SolutionGuid = {296CE7DF-77FF-4568-91F0-02B2E5F03811}
	EndGlobalSection
EndGlobal
